// !$*UTF8*$!
{
	archiveVersion = 1;
	classes = {
	};
	objectVersion = 50;
	objects = {

/* Begin PBXBuildFile section */
		3A726DCD461AFDC269B2391F /* Pods_DDTDemo.framework in Frameworks */ = {isa = PBXBuildFile; fileRef = CE990AFC02E238E75B9A75E0 /* Pods_DDTDemo.framework */; };
		B8B860273594A5B0601C2B51 /* Pods_DDTDemoUITests.framework in Frameworks */ = {isa = PBXBuildFile; fileRef = C765F216C1768CA932EDDF51 /* Pods_DDTDemoUITests.framework */; };
		C97F26FA22EF612900A4BBD8 /* UIColorExtension.swift in Sources */ = {isa = PBXBuildFile; fileRef = C97F26F922EF612900A4BBD8 /* UIColorExtension.swift */; };
		C98097A222EDF84900096EE0 /* AppDelegate.swift in Sources */ = {isa = PBXBuildFile; fileRef = C98097A122EDF84900096EE0 /* AppDelegate.swift */; };
		C98097A922EDF84B00096EE0 /* Assets.xcassets in Resources */ = {isa = PBXBuildFile; fileRef = C98097A822EDF84B00096EE0 /* Assets.xcassets */; };
		C98097AC22EDF84B00096EE0 /* LaunchScreen.storyboard in Resources */ = {isa = PBXBuildFile; fileRef = C98097AA22EDF84B00096EE0 /* LaunchScreen.storyboard */; };
		C98097B722EDF84B00096EE0 /* DDTDemoTests.swift in Sources */ = {isa = PBXBuildFile; fileRef = C98097B622EDF84B00096EE0 /* DDTDemoTests.swift */; };
		C98097C222EDF84B00096EE0 /* DDTDemoUITests.swift in Sources */ = {isa = PBXBuildFile; fileRef = C98097C122EDF84B00096EE0 /* DDTDemoUITests.swift */; };
		C98097D122EDF8B400096EE0 /* PlantListViewController.swift in Sources */ = {isa = PBXBuildFile; fileRef = C98097D022EDF8B400096EE0 /* PlantListViewController.swift */; };
		C9FF786622EDFE6D00C6AE52 /* Plant.swift in Sources */ = {isa = PBXBuildFile; fileRef = C9FF786522EDFE6D00C6AE52 /* Plant.swift */; };
		C9FF786D22EE05A600C6AE52 /* LogLevelConfigurator.swift in Sources */ = {isa = PBXBuildFile; fileRef = C9FF786C22EE05A600C6AE52 /* LogLevelConfigurator.swift */; };
		C9FF787122EE061700C6AE52 /* UIViewExtension.swift in Sources */ = {isa = PBXBuildFile; fileRef = C9FF787022EE061700C6AE52 /* UIViewExtension.swift */; };
		C9FF787322EE07A500C6AE52 /* LogTextView.swift in Sources */ = {isa = PBXBuildFile; fileRef = C9FF787222EE07A500C6AE52 /* LogTextView.swift */; };
		C9FF787622EE082100C6AE52 /* CGFloatExtension.swift in Sources */ = {isa = PBXBuildFile; fileRef = C9FF787522EE082100C6AE52 /* CGFloatExtension.swift */; };
		C9FF787922EE09F700C6AE52 /* APIClient.swift in Sources */ = {isa = PBXBuildFile; fileRef = C9FF787822EE09F700C6AE52 /* APIClient.swift */; };
		C9FF787C22EE6CA900C6AE52 /* BaseViewController.swift in Sources */ = {isa = PBXBuildFile; fileRef = C9FF787B22EE6CA900C6AE52 /* BaseViewController.swift */; };
		C9FF787E22EE6CE300C6AE52 /* PrintLog.swift in Sources */ = {isa = PBXBuildFile; fileRef = C9FF787D22EE6CE300C6AE52 /* PrintLog.swift */; };
		C9FF788022EE6DBF00C6AE52 /* DateExtension.swift in Sources */ = {isa = PBXBuildFile; fileRef = C9FF787F22EE6DBF00C6AE52 /* DateExtension.swift */; };
		C9FF788222EE6E0000C6AE52 /* DateFormatterExtension.swift in Sources */ = {isa = PBXBuildFile; fileRef = C9FF788122EE6E0000C6AE52 /* DateFormatterExtension.swift */; };
		C9FF788422EE6E3000C6AE52 /* NSObjectExtension.swift in Sources */ = {isa = PBXBuildFile; fileRef = C9FF788322EE6E3000C6AE52 /* NSObjectExtension.swift */; };
		C9FF788622EE6E5F00C6AE52 /* StringExtension.swift in Sources */ = {isa = PBXBuildFile; fileRef = C9FF788522EE6E5F00C6AE52 /* StringExtension.swift */; };
		C9FF788822EE6E8400C6AE52 /* FileManagerExtension.swift in Sources */ = {isa = PBXBuildFile; fileRef = C9FF788722EE6E8400C6AE52 /* FileManagerExtension.swift */; };
		C9FF788A22EE723F00C6AE52 /* UITableViewExtension.swift in Sources */ = {isa = PBXBuildFile; fileRef = C9FF788922EE723F00C6AE52 /* UITableViewExtension.swift */; };
		C9FF788C22EE738F00C6AE52 /* PlantTableViewCell.swift in Sources */ = {isa = PBXBuildFile; fileRef = C9FF788B22EE738E00C6AE52 /* PlantTableViewCell.swift */; };
		F8B255D0C37D3F637A5CB68D /* Pods_DDTDemoTests.framework in Frameworks */ = {isa = PBXBuildFile; fileRef = 247102EB39408A3158F7425E /* Pods_DDTDemoTests.framework */; };
/* End PBXBuildFile section */

/* Begin PBXContainerItemProxy section */
		C98097B322EDF84B00096EE0 /* PBXContainerItemProxy */ = {
			isa = PBXContainerItemProxy;
			containerPortal = C980979622EDF84900096EE0 /* Project object */;
			proxyType = 1;
			remoteGlobalIDString = C980979D22EDF84900096EE0;
			remoteInfo = DDTDemo;
		};
		C98097BE22EDF84B00096EE0 /* PBXContainerItemProxy */ = {
			isa = PBXContainerItemProxy;
			containerPortal = C980979622EDF84900096EE0 /* Project object */;
			proxyType = 1;
			remoteGlobalIDString = C980979D22EDF84900096EE0;
			remoteInfo = DDTDemo;
		};
/* End PBXContainerItemProxy section */

/* Begin PBXFileReference section */
		00A88EB4C00C26DDCD80F80F /* Pods-DDTDemo.debug.xcconfig */ = {isa = PBXFileReference; includeInIndex = 1; lastKnownFileType = text.xcconfig; name = "Pods-DDTDemo.debug.xcconfig"; path = "Target Support Files/Pods-DDTDemo/Pods-DDTDemo.debug.xcconfig"; sourceTree = "<group>"; };
		247102EB39408A3158F7425E /* Pods_DDTDemoTests.framework */ = {isa = PBXFileReference; explicitFileType = wrapper.framework; includeInIndex = 0; path = Pods_DDTDemoTests.framework; sourceTree = BUILT_PRODUCTS_DIR; };
		800AF2686156AD432668A2E7 /* Pods-DDTDemoTests.release.xcconfig */ = {isa = PBXFileReference; includeInIndex = 1; lastKnownFileType = text.xcconfig; name = "Pods-DDTDemoTests.release.xcconfig"; path = "Target Support Files/Pods-DDTDemoTests/Pods-DDTDemoTests.release.xcconfig"; sourceTree = "<group>"; };
		8520D5B47976A6F230894F42 /* Pods-DDTDemoUITests.release.xcconfig */ = {isa = PBXFileReference; includeInIndex = 1; lastKnownFileType = text.xcconfig; name = "Pods-DDTDemoUITests.release.xcconfig"; path = "Target Support Files/Pods-DDTDemoUITests/Pods-DDTDemoUITests.release.xcconfig"; sourceTree = "<group>"; };
		9C720E9175353B833FA29EDC /* Pods-DDTDemoUITests.debug.xcconfig */ = {isa = PBXFileReference; includeInIndex = 1; lastKnownFileType = text.xcconfig; name = "Pods-DDTDemoUITests.debug.xcconfig"; path = "Target Support Files/Pods-DDTDemoUITests/Pods-DDTDemoUITests.debug.xcconfig"; sourceTree = "<group>"; };
		B9080CF8E525B08DD1CD5A5F /* Pods-DDTDemo.release.xcconfig */ = {isa = PBXFileReference; includeInIndex = 1; lastKnownFileType = text.xcconfig; name = "Pods-DDTDemo.release.xcconfig"; path = "Target Support Files/Pods-DDTDemo/Pods-DDTDemo.release.xcconfig"; sourceTree = "<group>"; };
		B93386AC6E8F013D53E27368 /* Pods-DDTDemoTests.debug.xcconfig */ = {isa = PBXFileReference; includeInIndex = 1; lastKnownFileType = text.xcconfig; name = "Pods-DDTDemoTests.debug.xcconfig"; path = "Target Support Files/Pods-DDTDemoTests/Pods-DDTDemoTests.debug.xcconfig"; sourceTree = "<group>"; };
		C765F216C1768CA932EDDF51 /* Pods_DDTDemoUITests.framework */ = {isa = PBXFileReference; explicitFileType = wrapper.framework; includeInIndex = 0; path = Pods_DDTDemoUITests.framework; sourceTree = BUILT_PRODUCTS_DIR; };
		C97F26F922EF612900A4BBD8 /* UIColorExtension.swift */ = {isa = PBXFileReference; lastKnownFileType = sourcecode.swift; name = UIColorExtension.swift; path = ../../../../../../../../System/Volumes/Data/Users/allenlai/Developer/DDTDemo/DDTDemo/DDTDemo/Extension/UI/UIColorExtension.swift; sourceTree = "<group>"; };
		C980979E22EDF84900096EE0 /* DDTDemo.app */ = {isa = PBXFileReference; explicitFileType = wrapper.application; includeInIndex = 0; path = DDTDemo.app; sourceTree = BUILT_PRODUCTS_DIR; };
		C98097A122EDF84900096EE0 /* AppDelegate.swift */ = {isa = PBXFileReference; lastKnownFileType = sourcecode.swift; path = AppDelegate.swift; sourceTree = "<group>"; };
		C98097A822EDF84B00096EE0 /* Assets.xcassets */ = {isa = PBXFileReference; lastKnownFileType = folder.assetcatalog; path = Assets.xcassets; sourceTree = "<group>"; };
		C98097AB22EDF84B00096EE0 /* Base */ = {isa = PBXFileReference; lastKnownFileType = file.storyboard; name = Base; path = Base.lproj/LaunchScreen.storyboard; sourceTree = "<group>"; };
		C98097AD22EDF84B00096EE0 /* Info.plist */ = {isa = PBXFileReference; lastKnownFileType = text.plist.xml; path = Info.plist; sourceTree = "<group>"; };
		C98097B222EDF84B00096EE0 /* DDTDemoTests.xctest */ = {isa = PBXFileReference; explicitFileType = wrapper.cfbundle; includeInIndex = 0; path = DDTDemoTests.xctest; sourceTree = BUILT_PRODUCTS_DIR; };
		C98097B622EDF84B00096EE0 /* DDTDemoTests.swift */ = {isa = PBXFileReference; lastKnownFileType = sourcecode.swift; path = DDTDemoTests.swift; sourceTree = "<group>"; };
		C98097B822EDF84B00096EE0 /* Info.plist */ = {isa = PBXFileReference; lastKnownFileType = text.plist.xml; path = Info.plist; sourceTree = "<group>"; };
		C98097BD22EDF84B00096EE0 /* DDTDemoUITests.xctest */ = {isa = PBXFileReference; explicitFileType = wrapper.cfbundle; includeInIndex = 0; path = DDTDemoUITests.xctest; sourceTree = BUILT_PRODUCTS_DIR; };
		C98097C122EDF84B00096EE0 /* DDTDemoUITests.swift */ = {isa = PBXFileReference; lastKnownFileType = sourcecode.swift; path = DDTDemoUITests.swift; sourceTree = "<group>"; };
		C98097C322EDF84B00096EE0 /* Info.plist */ = {isa = PBXFileReference; lastKnownFileType = text.plist.xml; path = Info.plist; sourceTree = "<group>"; };
		C98097D022EDF8B400096EE0 /* PlantListViewController.swift */ = {isa = PBXFileReference; lastKnownFileType = sourcecode.swift; path = PlantListViewController.swift; sourceTree = "<group>"; };
		C9FF786522EDFE6D00C6AE52 /* Plant.swift */ = {isa = PBXFileReference; lastKnownFileType = sourcecode.swift; name = Plant.swift; path = ../../../../../../../System/Volumes/Data/Users/allenlai/Developer/DDTDemo/DDTDemo/DDTDemo/Models/Plant.swift; sourceTree = "<group>"; };
		C9FF786C22EE05A600C6AE52 /* LogLevelConfigurator.swift */ = {isa = PBXFileReference; lastKnownFileType = sourcecode.swift; name = LogLevelConfigurator.swift; path = ../../../../../../../../System/Volumes/Data/Users/allenlai/Developer/DDTDemo/DDTDemo/DDTDemo/Utilities/Log/LogLevelConfigurator.swift; sourceTree = "<group>"; };
		C9FF787022EE061700C6AE52 /* UIViewExtension.swift */ = {isa = PBXFileReference; lastKnownFileType = sourcecode.swift; name = UIViewExtension.swift; path = ../../../../../../../../System/Volumes/Data/Users/allenlai/Developer/DDTDemo/DDTDemo/DDTDemo/Extension/UI/UIViewExtension.swift; sourceTree = "<group>"; };
		C9FF787222EE07A500C6AE52 /* LogTextView.swift */ = {isa = PBXFileReference; lastKnownFileType = sourcecode.swift; name = LogTextView.swift; path = ../../../../../../../../System/Volumes/Data/Users/allenlai/Developer/DDTDemo/DDTDemo/DDTDemo/Utilities/Log/LogTextView.swift; sourceTree = "<group>"; };
		C9FF787522EE082100C6AE52 /* CGFloatExtension.swift */ = {isa = PBXFileReference; lastKnownFileType = sourcecode.swift; name = CGFloatExtension.swift; path = ../../../../../../../../System/Volumes/Data/Users/allenlai/Developer/DDTDemo/DDTDemo/DDTDemo/Extension/Foundation/CGFloatExtension.swift; sourceTree = "<group>"; };
		C9FF787822EE09F700C6AE52 /* APIClient.swift */ = {isa = PBXFileReference; lastKnownFileType = sourcecode.swift; name = APIClient.swift; path = ../../../../../../../../System/Volumes/Data/Users/allenlai/Developer/DDTDemo/DDTDemo/DDTDemo/Utilities/Networking/APIClient.swift; sourceTree = "<group>"; };
		C9FF787B22EE6CA900C6AE52 /* BaseViewController.swift */ = {isa = PBXFileReference; lastKnownFileType = sourcecode.swift; name = BaseViewController.swift; path = ../../../../../../../System/Volumes/Data/Users/allenlai/Developer/DDTDemo/DDTDemo/DDTDemo/Base/BaseViewController.swift; sourceTree = "<group>"; };
		C9FF787D22EE6CE300C6AE52 /* PrintLog.swift */ = {isa = PBXFileReference; lastKnownFileType = sourcecode.swift; name = PrintLog.swift; path = ../../../../../../../../System/Volumes/Data/Users/allenlai/Developer/DDTDemo/DDTDemo/DDTDemo/Utilities/Log/PrintLog.swift; sourceTree = "<group>"; };
		C9FF787F22EE6DBF00C6AE52 /* DateExtension.swift */ = {isa = PBXFileReference; lastKnownFileType = sourcecode.swift; name = DateExtension.swift; path = ../../../../../../../../System/Volumes/Data/Users/allenlai/Developer/DDTDemo/DDTDemo/DDTDemo/Extension/Foundation/DateExtension.swift; sourceTree = "<group>"; };
		C9FF788122EE6E0000C6AE52 /* DateFormatterExtension.swift */ = {isa = PBXFileReference; lastKnownFileType = sourcecode.swift; name = DateFormatterExtension.swift; path = ../../../../../../../../System/Volumes/Data/Users/allenlai/Developer/DDTDemo/DDTDemo/DDTDemo/Extension/Foundation/DateFormatterExtension.swift; sourceTree = "<group>"; };
		C9FF788322EE6E3000C6AE52 /* NSObjectExtension.swift */ = {isa = PBXFileReference; lastKnownFileType = sourcecode.swift; name = NSObjectExtension.swift; path = ../../../../../../../../System/Volumes/Data/Users/allenlai/Developer/DDTDemo/DDTDemo/DDTDemo/Extension/Foundation/NSObjectExtension.swift; sourceTree = "<group>"; };
		C9FF788522EE6E5F00C6AE52 /* StringExtension.swift */ = {isa = PBXFileReference; lastKnownFileType = sourcecode.swift; name = StringExtension.swift; path = ../../../../../../../../System/Volumes/Data/Users/allenlai/Developer/DDTDemo/DDTDemo/DDTDemo/Extension/Foundation/StringExtension.swift; sourceTree = "<group>"; };
		C9FF788722EE6E8400C6AE52 /* FileManagerExtension.swift */ = {isa = PBXFileReference; lastKnownFileType = sourcecode.swift; name = FileManagerExtension.swift; path = ../../../../../../../../System/Volumes/Data/Users/allenlai/Developer/DDTDemo/DDTDemo/DDTDemo/Extension/Foundation/FileManagerExtension.swift; sourceTree = "<group>"; };
		C9FF788922EE723F00C6AE52 /* UITableViewExtension.swift */ = {isa = PBXFileReference; lastKnownFileType = sourcecode.swift; name = UITableViewExtension.swift; path = ../../../../../../../../System/Volumes/Data/Users/allenlai/Developer/DDTDemo/DDTDemo/DDTDemo/Extension/UI/UITableViewExtension.swift; sourceTree = "<group>"; };
		C9FF788B22EE738E00C6AE52 /* PlantTableViewCell.swift */ = {isa = PBXFileReference; lastKnownFileType = sourcecode.swift; name = PlantTableViewCell.swift; path = ../../../../../../../System/Volumes/Data/Users/allenlai/Developer/DDTDemo/DDTDemo/DDTDemo/Views/PlantTableViewCell.swift; sourceTree = "<group>"; };
		CE990AFC02E238E75B9A75E0 /* Pods_DDTDemo.framework */ = {isa = PBXFileReference; explicitFileType = wrapper.framework; includeInIndex = 0; path = Pods_DDTDemo.framework; sourceTree = BUILT_PRODUCTS_DIR; };
/* End PBXFileReference section */

/* Begin PBXFrameworksBuildPhase section */
		C980979B22EDF84900096EE0 /* Frameworks */ = {
			isa = PBXFrameworksBuildPhase;
			buildActionMask = 2147483647;
			files = (
				3A726DCD461AFDC269B2391F /* Pods_DDTDemo.framework in Frameworks */,
			);
			runOnlyForDeploymentPostprocessing = 0;
		};
		C98097AF22EDF84B00096EE0 /* Frameworks */ = {
			isa = PBXFrameworksBuildPhase;
			buildActionMask = 2147483647;
			files = (
				F8B255D0C37D3F637A5CB68D /* Pods_DDTDemoTests.framework in Frameworks */,
			);
			runOnlyForDeploymentPostprocessing = 0;
		};
		C98097BA22EDF84B00096EE0 /* Frameworks */ = {
			isa = PBXFrameworksBuildPhase;
			buildActionMask = 2147483647;
			files = (
				B8B860273594A5B0601C2B51 /* Pods_DDTDemoUITests.framework in Frameworks */,
			);
			runOnlyForDeploymentPostprocessing = 0;
		};
/* End PBXFrameworksBuildPhase section */

/* Begin PBXGroup section */
		6FC69E2232E4F62EB757D490 /* Pods */ = {
			isa = PBXGroup;
			children = (
				00A88EB4C00C26DDCD80F80F /* Pods-DDTDemo.debug.xcconfig */,
				B9080CF8E525B08DD1CD5A5F /* Pods-DDTDemo.release.xcconfig */,
				B93386AC6E8F013D53E27368 /* Pods-DDTDemoTests.debug.xcconfig */,
				800AF2686156AD432668A2E7 /* Pods-DDTDemoTests.release.xcconfig */,
				9C720E9175353B833FA29EDC /* Pods-DDTDemoUITests.debug.xcconfig */,
				8520D5B47976A6F230894F42 /* Pods-DDTDemoUITests.release.xcconfig */,
			);
			path = Pods;
			sourceTree = "<group>";
		};
		C980979522EDF84900096EE0 = {
			isa = PBXGroup;
			children = (
				C98097A022EDF84900096EE0 /* DDTDemo */,
				C98097B522EDF84B00096EE0 /* DDTDemoTests */,
				C98097C022EDF84B00096EE0 /* DDTDemoUITests */,
				C980979F22EDF84900096EE0 /* Products */,
				6FC69E2232E4F62EB757D490 /* Pods */,
				CB7EF72AECCDC2EB63120E27 /* Frameworks */,
			);
			sourceTree = "<group>";
		};
		C980979F22EDF84900096EE0 /* Products */ = {
			isa = PBXGroup;
			children = (
				C980979E22EDF84900096EE0 /* DDTDemo.app */,
				C98097B222EDF84B00096EE0 /* DDTDemoTests.xctest */,
				C98097BD22EDF84B00096EE0 /* DDTDemoUITests.xctest */,
			);
			name = Products;
			sourceTree = "<group>";
		};
		C98097A022EDF84900096EE0 /* DDTDemo */ = {
			isa = PBXGroup;
			children = (
				C98097A122EDF84900096EE0 /* AppDelegate.swift */,
				C9FF786322EDFE4A00C6AE52 /* Models */,
				C9FF786222EDFE3800C6AE52 /* Views */,
				C9FF786422EDFE5500C6AE52 /* ViewModels */,
				C9FF787A22EE6C9200C6AE52 /* Base */,
				C9FF786E22EE05FD00C6AE52 /* Extension */,
				C9FF786722EE050C00C6AE52 /* Utilities */,
				C98097CF22EDF87900096EE0 /* Supporting Files */,
			);
			path = DDTDemo;
			sourceTree = "<group>";
		};
		C98097B522EDF84B00096EE0 /* DDTDemoTests */ = {
			isa = PBXGroup;
			children = (
				C98097B622EDF84B00096EE0 /* DDTDemoTests.swift */,
				C98097B822EDF84B00096EE0 /* Info.plist */,
			);
			path = DDTDemoTests;
			sourceTree = "<group>";
		};
		C98097C022EDF84B00096EE0 /* DDTDemoUITests */ = {
			isa = PBXGroup;
			children = (
				C98097C122EDF84B00096EE0 /* DDTDemoUITests.swift */,
				C98097C322EDF84B00096EE0 /* Info.plist */,
			);
			path = DDTDemoUITests;
			sourceTree = "<group>";
		};
		C98097CF22EDF87900096EE0 /* Supporting Files */ = {
			isa = PBXGroup;
			children = (
				C98097A822EDF84B00096EE0 /* Assets.xcassets */,
				C98097AA22EDF84B00096EE0 /* LaunchScreen.storyboard */,
				C98097AD22EDF84B00096EE0 /* Info.plist */,
			);
			path = "Supporting Files";
			sourceTree = "<group>";
		};
		C9FF786222EDFE3800C6AE52 /* Views */ = {
			isa = PBXGroup;
			children = (
				C98097D022EDF8B400096EE0 /* PlantListViewController.swift */,
				C9FF788B22EE738E00C6AE52 /* PlantTableViewCell.swift */,
			);
			path = Views;
			sourceTree = "<group>";
		};
		C9FF786322EDFE4A00C6AE52 /* Models */ = {
			isa = PBXGroup;
			children = (
				C9FF786522EDFE6D00C6AE52 /* Plant.swift */,
			);
			path = Models;
			sourceTree = "<group>";
		};
		C9FF786422EDFE5500C6AE52 /* ViewModels */ = {
			isa = PBXGroup;
			children = (
			);
			path = ViewModels;
			sourceTree = "<group>";
		};
		C9FF786722EE050C00C6AE52 /* Utilities */ = {
			isa = PBXGroup;
			children = (
				C9FF787722EE09E600C6AE52 /* Networking */,
				C9FF786A22EE057700C6AE52 /* Log */,
			);
			path = Utilities;
			sourceTree = "<group>";
		};
		C9FF786A22EE057700C6AE52 /* Log */ = {
			isa = PBXGroup;
			children = (
				C9FF786C22EE05A600C6AE52 /* LogLevelConfigurator.swift */,
				C9FF787222EE07A500C6AE52 /* LogTextView.swift */,
				C9FF787D22EE6CE300C6AE52 /* PrintLog.swift */,
			);
			path = Log;
			sourceTree = "<group>";
		};
		C9FF786E22EE05FD00C6AE52 /* Extension */ = {
			isa = PBXGroup;
			children = (
				C9FF787422EE081200C6AE52 /* Foundation */,
				C9FF786F22EE060A00C6AE52 /* UI */,
			);
			path = Extension;
			sourceTree = "<group>";
		};
		C9FF786F22EE060A00C6AE52 /* UI */ = {
			isa = PBXGroup;
			children = (
				C9FF788922EE723F00C6AE52 /* UITableViewExtension.swift */,
				C9FF787022EE061700C6AE52 /* UIViewExtension.swift */,
				C97F26F922EF612900A4BBD8 /* UIColorExtension.swift */,
			);
			path = UI;
			sourceTree = "<group>";
		};
		C9FF787422EE081200C6AE52 /* Foundation */ = {
			isa = PBXGroup;
			children = (
				C9FF787522EE082100C6AE52 /* CGFloatExtension.swift */,
				C9FF787F22EE6DBF00C6AE52 /* DateExtension.swift */,
				C9FF788122EE6E0000C6AE52 /* DateFormatterExtension.swift */,
				C9FF788722EE6E8400C6AE52 /* FileManagerExtension.swift */,
				C9FF788322EE6E3000C6AE52 /* NSObjectExtension.swift */,
				C9FF788522EE6E5F00C6AE52 /* StringExtension.swift */,
			);
			path = Foundation;
			sourceTree = "<group>";
		};
		C9FF787722EE09E600C6AE52 /* Networking */ = {
			isa = PBXGroup;
			children = (
				C9FF787822EE09F700C6AE52 /* APIClient.swift */,
			);
			path = Networking;
			sourceTree = "<group>";
		};
		C9FF787A22EE6C9200C6AE52 /* Base */ = {
			isa = PBXGroup;
			children = (
				C9FF787B22EE6CA900C6AE52 /* BaseViewController.swift */,
			);
			path = Base;
			sourceTree = "<group>";
		};
		CB7EF72AECCDC2EB63120E27 /* Frameworks */ = {
			isa = PBXGroup;
			children = (
				CE990AFC02E238E75B9A75E0 /* Pods_DDTDemo.framework */,
				247102EB39408A3158F7425E /* Pods_DDTDemoTests.framework */,
				C765F216C1768CA932EDDF51 /* Pods_DDTDemoUITests.framework */,
			);
			name = Frameworks;
			sourceTree = "<group>";
		};
/* End PBXGroup section */

/* Begin PBXNativeTarget section */
		C980979D22EDF84900096EE0 /* DDTDemo */ = {
			isa = PBXNativeTarget;
			buildConfigurationList = C98097C622EDF84B00096EE0 /* Build configuration list for PBXNativeTarget "DDTDemo" */;
			buildPhases = (
				03EFAADDC7BDC44CBD0F3662 /* [CP] Check Pods Manifest.lock */,
				C980979A22EDF84900096EE0 /* Sources */,
				C980979B22EDF84900096EE0 /* Frameworks */,
				C980979C22EDF84900096EE0 /* Resources */,
				C9FF786122EDFB5900C6AE52 /* ShellScript */,
			);
			buildRules = (
			);
			dependencies = (
			);
			name = DDTDemo;
			productName = DDTDemo;
			productReference = C980979E22EDF84900096EE0 /* DDTDemo.app */;
			productType = "com.apple.product-type.application";
		};
		C98097B122EDF84B00096EE0 /* DDTDemoTests */ = {
			isa = PBXNativeTarget;
			buildConfigurationList = C98097C922EDF84B00096EE0 /* Build configuration list for PBXNativeTarget "DDTDemoTests" */;
			buildPhases = (
				A49345F1371482958915683F /* [CP] Check Pods Manifest.lock */,
				C98097AE22EDF84B00096EE0 /* Sources */,
				C98097AF22EDF84B00096EE0 /* Frameworks */,
				C98097B022EDF84B00096EE0 /* Resources */,
			);
			buildRules = (
			);
			dependencies = (
				C98097B422EDF84B00096EE0 /* PBXTargetDependency */,
			);
			name = DDTDemoTests;
			productName = DDTDemoTests;
			productReference = C98097B222EDF84B00096EE0 /* DDTDemoTests.xctest */;
			productType = "com.apple.product-type.bundle.unit-test";
		};
		C98097BC22EDF84B00096EE0 /* DDTDemoUITests */ = {
			isa = PBXNativeTarget;
			buildConfigurationList = C98097CC22EDF84B00096EE0 /* Build configuration list for PBXNativeTarget "DDTDemoUITests" */;
			buildPhases = (
				9F365859D217FCC383FADC2B /* [CP] Check Pods Manifest.lock */,
				C98097B922EDF84B00096EE0 /* Sources */,
				C98097BA22EDF84B00096EE0 /* Frameworks */,
				C98097BB22EDF84B00096EE0 /* Resources */,
			);
			buildRules = (
			);
			dependencies = (
				C98097BF22EDF84B00096EE0 /* PBXTargetDependency */,
			);
			name = DDTDemoUITests;
			productName = DDTDemoUITests;
			productReference = C98097BD22EDF84B00096EE0 /* DDTDemoUITests.xctest */;
			productType = "com.apple.product-type.bundle.ui-testing";
		};
/* End PBXNativeTarget section */

/* Begin PBXProject section */
		C980979622EDF84900096EE0 /* Project object */ = {
			isa = PBXProject;
			attributes = {
				LastSwiftUpdateCheck = 1020;
				LastUpgradeCheck = 1020;
				ORGANIZATIONNAME = "Allen Lai";
				TargetAttributes = {
					C980979D22EDF84900096EE0 = {
						CreatedOnToolsVersion = 10.2.1;
					};
					C98097B122EDF84B00096EE0 = {
						CreatedOnToolsVersion = 10.2.1;
						TestTargetID = C980979D22EDF84900096EE0;
					};
					C98097BC22EDF84B00096EE0 = {
						CreatedOnToolsVersion = 10.2.1;
						TestTargetID = C980979D22EDF84900096EE0;
					};
				};
			};
			buildConfigurationList = C980979922EDF84900096EE0 /* Build configuration list for PBXProject "DDTDemo" */;
			compatibilityVersion = "Xcode 9.3";
			developmentRegion = en;
			hasScannedForEncodings = 0;
			knownRegions = (
				en,
				Base,
			);
			mainGroup = C980979522EDF84900096EE0;
			productRefGroup = C980979F22EDF84900096EE0 /* Products */;
			projectDirPath = "";
			projectRoot = "";
			targets = (
				C980979D22EDF84900096EE0 /* DDTDemo */,
				C98097B122EDF84B00096EE0 /* DDTDemoTests */,
				C98097BC22EDF84B00096EE0 /* DDTDemoUITests */,
			);
		};
/* End PBXProject section */

/* Begin PBXResourcesBuildPhase section */
		C980979C22EDF84900096EE0 /* Resources */ = {
			isa = PBXResourcesBuildPhase;
			buildActionMask = 2147483647;
			files = (
				C98097AC22EDF84B00096EE0 /* LaunchScreen.storyboard in Resources */,
				C98097A922EDF84B00096EE0 /* Assets.xcassets in Resources */,
			);
			runOnlyForDeploymentPostprocessing = 0;
		};
		C98097B022EDF84B00096EE0 /* Resources */ = {
			isa = PBXResourcesBuildPhase;
			buildActionMask = 2147483647;
			files = (
			);
			runOnlyForDeploymentPostprocessing = 0;
		};
		C98097BB22EDF84B00096EE0 /* Resources */ = {
			isa = PBXResourcesBuildPhase;
			buildActionMask = 2147483647;
			files = (
			);
			runOnlyForDeploymentPostprocessing = 0;
		};
/* End PBXResourcesBuildPhase section */

/* Begin PBXShellScriptBuildPhase section */
		03EFAADDC7BDC44CBD0F3662 /* [CP] Check Pods Manifest.lock */ = {
			isa = PBXShellScriptBuildPhase;
			buildActionMask = 2147483647;
			files = (
			);
			inputFileListPaths = (
			);
			inputPaths = (
				"${PODS_PODFILE_DIR_PATH}/Podfile.lock",
				"${PODS_ROOT}/Manifest.lock",
			);
			name = "[CP] Check Pods Manifest.lock";
			outputFileListPaths = (
			);
			outputPaths = (
				"$(DERIVED_FILE_DIR)/Pods-DDTDemo-checkManifestLockResult.txt",
			);
			runOnlyForDeploymentPostprocessing = 0;
			shellPath = /bin/sh;
			shellScript = "diff \"${PODS_PODFILE_DIR_PATH}/Podfile.lock\" \"${PODS_ROOT}/Manifest.lock\" > /dev/null\nif [ $? != 0 ] ; then\n    # print error to STDERR\n    echo \"error: The sandbox is not in sync with the Podfile.lock. Run 'pod install' or update your CocoaPods installation.\" >&2\n    exit 1\nfi\n# This output is used by Xcode 'outputs' to avoid re-running this script phase.\necho \"SUCCESS\" > \"${SCRIPT_OUTPUT_FILE_0}\"\n";
			showEnvVarsInLog = 0;
		};
		9F365859D217FCC383FADC2B /* [CP] Check Pods Manifest.lock */ = {
			isa = PBXShellScriptBuildPhase;
			buildActionMask = 2147483647;
			files = (
			);
			inputFileListPaths = (
			);
			inputPaths = (
				"${PODS_PODFILE_DIR_PATH}/Podfile.lock",
				"${PODS_ROOT}/Manifest.lock",
			);
			name = "[CP] Check Pods Manifest.lock";
			outputFileListPaths = (
			);
			outputPaths = (
				"$(DERIVED_FILE_DIR)/Pods-DDTDemoUITests-checkManifestLockResult.txt",
			);
			runOnlyForDeploymentPostprocessing = 0;
			shellPath = /bin/sh;
			shellScript = "diff \"${PODS_PODFILE_DIR_PATH}/Podfile.lock\" \"${PODS_ROOT}/Manifest.lock\" > /dev/null\nif [ $? != 0 ] ; then\n    # print error to STDERR\n    echo \"error: The sandbox is not in sync with the Podfile.lock. Run 'pod install' or update your CocoaPods installation.\" >&2\n    exit 1\nfi\n# This output is used by Xcode 'outputs' to avoid re-running this script phase.\necho \"SUCCESS\" > \"${SCRIPT_OUTPUT_FILE_0}\"\n";
			showEnvVarsInLog = 0;
		};
		A49345F1371482958915683F /* [CP] Check Pods Manifest.lock */ = {
			isa = PBXShellScriptBuildPhase;
			buildActionMask = 2147483647;
			files = (
			);
			inputFileListPaths = (
			);
			inputPaths = (
				"${PODS_PODFILE_DIR_PATH}/Podfile.lock",
				"${PODS_ROOT}/Manifest.lock",
			);
			name = "[CP] Check Pods Manifest.lock";
			outputFileListPaths = (
			);
			outputPaths = (
				"$(DERIVED_FILE_DIR)/Pods-DDTDemoTests-checkManifestLockResult.txt",
			);
			runOnlyForDeploymentPostprocessing = 0;
			shellPath = /bin/sh;
			shellScript = "diff \"${PODS_PODFILE_DIR_PATH}/Podfile.lock\" \"${PODS_ROOT}/Manifest.lock\" > /dev/null\nif [ $? != 0 ] ; then\n    # print error to STDERR\n    echo \"error: The sandbox is not in sync with the Podfile.lock. Run 'pod install' or update your CocoaPods installation.\" >&2\n    exit 1\nfi\n# This output is used by Xcode 'outputs' to avoid re-running this script phase.\necho \"SUCCESS\" > \"${SCRIPT_OUTPUT_FILE_0}\"\n";
			showEnvVarsInLog = 0;
		};
		C9FF786122EDFB5900C6AE52 /* ShellScript */ = {
			isa = PBXShellScriptBuildPhase;
			buildActionMask = 2147483647;
			files = (
			);
			inputFileListPaths = (
			);
			inputPaths = (
			);
			outputFileListPaths = (
			);
			outputPaths = (
			);
			runOnlyForDeploymentPostprocessing = 0;
			shellPath = /bin/sh;
			shellScript = "\"${PODS_ROOT}/SwiftLint/swiftlint\"\n";
		};
/* End PBXShellScriptBuildPhase section */

/* Begin PBXSourcesBuildPhase section */
		C980979A22EDF84900096EE0 /* Sources */ = {
			isa = PBXSourcesBuildPhase;
			buildActionMask = 2147483647;
			files = (
				C9FF788C22EE738F00C6AE52 /* PlantTableViewCell.swift in Sources */,
				C9FF788422EE6E3000C6AE52 /* NSObjectExtension.swift in Sources */,
				C9FF787122EE061700C6AE52 /* UIViewExtension.swift in Sources */,
				C98097D122EDF8B400096EE0 /* PlantListViewController.swift in Sources */,
				C97F26FA22EF612900A4BBD8 /* UIColorExtension.swift in Sources */,
				C9FF788A22EE723F00C6AE52 /* UITableViewExtension.swift in Sources */,
				C9FF788222EE6E0000C6AE52 /* DateFormatterExtension.swift in Sources */,
				C9FF786622EDFE6D00C6AE52 /* Plant.swift in Sources */,
				C9FF787922EE09F700C6AE52 /* APIClient.swift in Sources */,
				C9FF787E22EE6CE300C6AE52 /* PrintLog.swift in Sources */,
				C9FF787622EE082100C6AE52 /* CGFloatExtension.swift in Sources */,
				C9FF788622EE6E5F00C6AE52 /* StringExtension.swift in Sources */,
				C9FF788022EE6DBF00C6AE52 /* DateExtension.swift in Sources */,
				C9FF788822EE6E8400C6AE52 /* FileManagerExtension.swift in Sources */,
				C9FF787C22EE6CA900C6AE52 /* BaseViewController.swift in Sources */,
				C9FF786D22EE05A600C6AE52 /* LogLevelConfigurator.swift in Sources */,
				C9FF787322EE07A500C6AE52 /* LogTextView.swift in Sources */,
				C98097A222EDF84900096EE0 /* AppDelegate.swift in Sources */,
			);
			runOnlyForDeploymentPostprocessing = 0;
		};
		C98097AE22EDF84B00096EE0 /* Sources */ = {
			isa = PBXSourcesBuildPhase;
			buildActionMask = 2147483647;
			files = (
				C98097B722EDF84B00096EE0 /* DDTDemoTests.swift in Sources */,
			);
			runOnlyForDeploymentPostprocessing = 0;
		};
		C98097B922EDF84B00096EE0 /* Sources */ = {
			isa = PBXSourcesBuildPhase;
			buildActionMask = 2147483647;
			files = (
				C98097C222EDF84B00096EE0 /* DDTDemoUITests.swift in Sources */,
			);
			runOnlyForDeploymentPostprocessing = 0;
		};
/* End PBXSourcesBuildPhase section */

/* Begin PBXTargetDependency section */
		C98097B422EDF84B00096EE0 /* PBXTargetDependency */ = {
			isa = PBXTargetDependency;
			target = C980979D22EDF84900096EE0 /* DDTDemo */;
			targetProxy = C98097B322EDF84B00096EE0 /* PBXContainerItemProxy */;
		};
		C98097BF22EDF84B00096EE0 /* PBXTargetDependency */ = {
			isa = PBXTargetDependency;
			target = C980979D22EDF84900096EE0 /* DDTDemo */;
			targetProxy = C98097BE22EDF84B00096EE0 /* PBXContainerItemProxy */;
		};
/* End PBXTargetDependency section */

/* Begin PBXVariantGroup section */
		C98097AA22EDF84B00096EE0 /* LaunchScreen.storyboard */ = {
			isa = PBXVariantGroup;
			children = (
				C98097AB22EDF84B00096EE0 /* Base */,
			);
			name = LaunchScreen.storyboard;
			sourceTree = "<group>";
		};
/* End PBXVariantGroup section */

/* Begin XCBuildConfiguration section */
		C98097C422EDF84B00096EE0 /* Debug */ = {
			isa = XCBuildConfiguration;
			buildSettings = {
				ALWAYS_SEARCH_USER_PATHS = NO;
				CLANG_ANALYZER_NONNULL = YES;
				CLANG_ANALYZER_NUMBER_OBJECT_CONVERSION = YES_AGGRESSIVE;
				CLANG_CXX_LANGUAGE_STANDARD = "gnu++14";
				CLANG_CXX_LIBRARY = "libc++";
				CLANG_ENABLE_MODULES = YES;
				CLANG_ENABLE_OBJC_ARC = YES;
				CLANG_ENABLE_OBJC_WEAK = YES;
				CLANG_WARN_BLOCK_CAPTURE_AUTORELEASING = YES;
				CLANG_WARN_BOOL_CONVERSION = YES;
				CLANG_WARN_COMMA = YES;
				CLANG_WARN_CONSTANT_CONVERSION = YES;
				CLANG_WARN_DEPRECATED_OBJC_IMPLEMENTATIONS = YES;
				CLANG_WARN_DIRECT_OBJC_ISA_USAGE = YES_ERROR;
				CLANG_WARN_DOCUMENTATION_COMMENTS = YES;
				CLANG_WARN_EMPTY_BODY = YES;
				CLANG_WARN_ENUM_CONVERSION = YES;
				CLANG_WARN_INFINITE_RECURSION = YES;
				CLANG_WARN_INT_CONVERSION = YES;
				CLANG_WARN_NON_LITERAL_NULL_CONVERSION = YES;
				CLANG_WARN_OBJC_IMPLICIT_RETAIN_SELF = YES;
				CLANG_WARN_OBJC_LITERAL_CONVERSION = YES;
				CLANG_WARN_OBJC_ROOT_CLASS = YES_ERROR;
				CLANG_WARN_RANGE_LOOP_ANALYSIS = YES;
				CLANG_WARN_STRICT_PROTOTYPES = YES;
				CLANG_WARN_SUSPICIOUS_MOVE = YES;
				CLANG_WARN_UNGUARDED_AVAILABILITY = YES_AGGRESSIVE;
				CLANG_WARN_UNREACHABLE_CODE = YES;
				CLANG_WARN__DUPLICATE_METHOD_MATCH = YES;
				CODE_SIGN_IDENTITY = "iPhone Developer";
				COPY_PHASE_STRIP = NO;
				DEBUG_INFORMATION_FORMAT = dwarf;
				ENABLE_STRICT_OBJC_MSGSEND = YES;
				ENABLE_TESTABILITY = YES;
				GCC_C_LANGUAGE_STANDARD = gnu11;
				GCC_DYNAMIC_NO_PIC = NO;
				GCC_NO_COMMON_BLOCKS = YES;
				GCC_OPTIMIZATION_LEVEL = 0;
				GCC_PREPROCESSOR_DEFINITIONS = (
					"DEBUG=1",
					"$(inherited)",
				);
				GCC_WARN_64_TO_32_BIT_CONVERSION = YES;
				GCC_WARN_ABOUT_RETURN_TYPE = YES_ERROR;
				GCC_WARN_UNDECLARED_SELECTOR = YES;
				GCC_WARN_UNINITIALIZED_AUTOS = YES_AGGRESSIVE;
				GCC_WARN_UNUSED_FUNCTION = YES;
				GCC_WARN_UNUSED_VARIABLE = YES;
				IPHONEOS_DEPLOYMENT_TARGET = 12.2;
				MTL_ENABLE_DEBUG_INFO = INCLUDE_SOURCE;
				MTL_FAST_MATH = YES;
				ONLY_ACTIVE_ARCH = YES;
				SDKROOT = iphoneos;
				SWIFT_ACTIVE_COMPILATION_CONDITIONS = DEBUG;
				SWIFT_OPTIMIZATION_LEVEL = "-Onone";
			};
			name = Debug;
		};
		C98097C522EDF84B00096EE0 /* Release */ = {
			isa = XCBuildConfiguration;
			buildSettings = {
				ALWAYS_SEARCH_USER_PATHS = NO;
				CLANG_ANALYZER_NONNULL = YES;
				CLANG_ANALYZER_NUMBER_OBJECT_CONVERSION = YES_AGGRESSIVE;
				CLANG_CXX_LANGUAGE_STANDARD = "gnu++14";
				CLANG_CXX_LIBRARY = "libc++";
				CLANG_ENABLE_MODULES = YES;
				CLANG_ENABLE_OBJC_ARC = YES;
				CLANG_ENABLE_OBJC_WEAK = YES;
				CLANG_WARN_BLOCK_CAPTURE_AUTORELEASING = YES;
				CLANG_WARN_BOOL_CONVERSION = YES;
				CLANG_WARN_COMMA = YES;
				CLANG_WARN_CONSTANT_CONVERSION = YES;
				CLANG_WARN_DEPRECATED_OBJC_IMPLEMENTATIONS = YES;
				CLANG_WARN_DIRECT_OBJC_ISA_USAGE = YES_ERROR;
				CLANG_WARN_DOCUMENTATION_COMMENTS = YES;
				CLANG_WARN_EMPTY_BODY = YES;
				CLANG_WARN_ENUM_CONVERSION = YES;
				CLANG_WARN_INFINITE_RECURSION = YES;
				CLANG_WARN_INT_CONVERSION = YES;
				CLANG_WARN_NON_LITERAL_NULL_CONVERSION = YES;
				CLANG_WARN_OBJC_IMPLICIT_RETAIN_SELF = YES;
				CLANG_WARN_OBJC_LITERAL_CONVERSION = YES;
				CLANG_WARN_OBJC_ROOT_CLASS = YES_ERROR;
				CLANG_WARN_RANGE_LOOP_ANALYSIS = YES;
				CLANG_WARN_STRICT_PROTOTYPES = YES;
				CLANG_WARN_SUSPICIOUS_MOVE = YES;
				CLANG_WARN_UNGUARDED_AVAILABILITY = YES_AGGRESSIVE;
				CLANG_WARN_UNREACHABLE_CODE = YES;
				CLANG_WARN__DUPLICATE_METHOD_MATCH = YES;
				CODE_SIGN_IDENTITY = "iPhone Developer";
				COPY_PHASE_STRIP = NO;
				DEBUG_INFORMATION_FORMAT = "dwarf-with-dsym";
				ENABLE_NS_ASSERTIONS = NO;
				ENABLE_STRICT_OBJC_MSGSEND = YES;
				GCC_C_LANGUAGE_STANDARD = gnu11;
				GCC_NO_COMMON_BLOCKS = YES;
				GCC_WARN_64_TO_32_BIT_CONVERSION = YES;
				GCC_WARN_ABOUT_RETURN_TYPE = YES_ERROR;
				GCC_WARN_UNDECLARED_SELECTOR = YES;
				GCC_WARN_UNINITIALIZED_AUTOS = YES_AGGRESSIVE;
				GCC_WARN_UNUSED_FUNCTION = YES;
				GCC_WARN_UNUSED_VARIABLE = YES;
				IPHONEOS_DEPLOYMENT_TARGET = 12.2;
				MTL_ENABLE_DEBUG_INFO = NO;
				MTL_FAST_MATH = YES;
				SDKROOT = iphoneos;
				SWIFT_COMPILATION_MODE = wholemodule;
				SWIFT_OPTIMIZATION_LEVEL = "-O";
				VALIDATE_PRODUCT = YES;
			};
			name = Release;
		};
		C98097C722EDF84B00096EE0 /* Debug */ = {
			isa = XCBuildConfiguration;
			baseConfigurationReference = 00A88EB4C00C26DDCD80F80F /* Pods-DDTDemo.debug.xcconfig */;
			buildSettings = {
				ASSETCATALOG_COMPILER_APPICON_NAME = AppIcon;
				CODE_SIGN_STYLE = Automatic;
				DEVELOPMENT_TEAM = 7A88Z5734V;
				INFOPLIST_FILE = "DDTDemo/Supporting Files/Info.plist";
				IPHONEOS_DEPLOYMENT_TARGET = 10.0;
				LD_RUNPATH_SEARCH_PATHS = (
					"$(inherited)",
					"@executable_path/Frameworks",
				);
				PRODUCT_BUNDLE_IDENTIFIER = com.allenlai.DDTDemo;
				PRODUCT_NAME = "$(TARGET_NAME)";
				SWIFT_VERSION = 5.0;
				TARGETED_DEVICE_FAMILY = 1;
			};
			name = Debug;
		};
		C98097C822EDF84B00096EE0 /* Release */ = {
			isa = XCBuildConfiguration;
			baseConfigurationReference = B9080CF8E525B08DD1CD5A5F /* Pods-DDTDemo.release.xcconfig */;
			buildSettings = {
				ASSETCATALOG_COMPILER_APPICON_NAME = AppIcon;
				CODE_SIGN_STYLE = Automatic;
				DEVELOPMENT_TEAM = 7A88Z5734V;
				INFOPLIST_FILE = "DDTDemo/Supporting Files/Info.plist";
				IPHONEOS_DEPLOYMENT_TARGET = 10.0;
				LD_RUNPATH_SEARCH_PATHS = (
					"$(inherited)",
					"@executable_path/Frameworks",
				);
				PRODUCT_BUNDLE_IDENTIFIER = com.allenlai.DDTDemo;
				PRODUCT_NAME = "$(TARGET_NAME)";
				SWIFT_VERSION = 5.0;
				TARGETED_DEVICE_FAMILY = 1;
			};
			name = Release;
		};
		C98097CA22EDF84B00096EE0 /* Debug */ = {
			isa = XCBuildConfiguration;
			baseConfigurationReference = B93386AC6E8F013D53E27368 /* Pods-DDTDemoTests.debug.xcconfig */;
			buildSettings = {
				ALWAYS_EMBED_SWIFT_STANDARD_LIBRARIES = YES;
				BUNDLE_LOADER = "$(TEST_HOST)";
				CODE_SIGN_STYLE = Automatic;
				DEVELOPMENT_TEAM = 7A88Z5734V;
				INFOPLIST_FILE = DDTDemoTests/Info.plist;
				LD_RUNPATH_SEARCH_PATHS = (
					"$(inherited)",
					"@executable_path/Frameworks",
					"@loader_path/Frameworks",
				);
				PRODUCT_BUNDLE_IDENTIFIER = com.allenlai.DDTDemoTests;
				PRODUCT_NAME = "$(TARGET_NAME)";
				SWIFT_VERSION = 5.0;
				TARGETED_DEVICE_FAMILY = "1,2";
				TEST_HOST = "$(BUILT_PRODUCTS_DIR)/DDTDemo.app/DDTDemo";
			};
			name = Debug;
		};
		C98097CB22EDF84B00096EE0 /* Release */ = {
			isa = XCBuildConfiguration;
			baseConfigurationReference = 800AF2686156AD432668A2E7 /* Pods-DDTDemoTests.release.xcconfig */;
			buildSettings = {
				ALWAYS_EMBED_SWIFT_STANDARD_LIBRARIES = YES;
				BUNDLE_LOADER = "$(TEST_HOST)";
				CODE_SIGN_STYLE = Automatic;
				DEVELOPMENT_TEAM = 7A88Z5734V;
				INFOPLIST_FILE = DDTDemoTests/Info.plist;
				LD_RUNPATH_SEARCH_PATHS = (
					"$(inherited)",
					"@executable_path/Frameworks",
					"@loader_path/Frameworks",
				);
				PRODUCT_BUNDLE_IDENTIFIER = com.allenlai.DDTDemoTests;
				PRODUCT_NAME = "$(TARGET_NAME)";
				SWIFT_VERSION = 5.0;
				TARGETED_DEVICE_FAMILY = "1,2";
				TEST_HOST = "$(BUILT_PRODUCTS_DIR)/DDTDemo.app/DDTDemo";
			};
			name = Release;
		};
		C98097CD22EDF84B00096EE0 /* Debug */ = {
			isa = XCBuildConfiguration;
			baseConfigurationReference = 9C720E9175353B833FA29EDC /* Pods-DDTDemoUITests.debug.xcconfig */;
			buildSettings = {
				ALWAYS_EMBED_SWIFT_STANDARD_LIBRARIES = YES;
				CODE_SIGN_STYLE = Automatic;
				DEVELOPMENT_TEAM = 7A88Z5734V;
				INFOPLIST_FILE = DDTDemoUITests/Info.plist;
				LD_RUNPATH_SEARCH_PATHS = (
					"$(inherited)",
					"@executable_path/Frameworks",
					"@loader_path/Frameworks",
				);
				PRODUCT_BUNDLE_IDENTIFIER = com.allenlai.DDTDemoUITests;
				PRODUCT_NAME = "$(TARGET_NAME)";
				SWIFT_VERSION = 5.0;
				TARGETED_DEVICE_FAMILY = "1,2";
				TEST_TARGET_NAME = DDTDemo;
			};
			name = Debug;
		};
		C98097CE22EDF84B00096EE0 /* Release */ = {
			isa = XCBuildConfiguration;
			baseConfigurationReference = 8520D5B47976A6F230894F42 /* Pods-DDTDemoUITests.release.xcconfig */;
			buildSettings = {
				ALWAYS_EMBED_SWIFT_STANDARD_LIBRARIES = YES;
				CODE_SIGN_STYLE = Automatic;
				DEVELOPMENT_TEAM = 7A88Z5734V;
				INFOPLIST_FILE = DDTDemoUITests/Info.plist;
				LD_RUNPATH_SEARCH_PATHS = (
					"$(inherited)",
					"@executable_path/Frameworks",
					"@loader_path/Frameworks",
				);
				PRODUCT_BUNDLE_IDENTIFIER = com.allenlai.DDTDemoUITests;
				PRODUCT_NAME = "$(TARGET_NAME)";
				SWIFT_VERSION = 5.0;
				TARGETED_DEVICE_FAMILY = "1,2";
				TEST_TARGET_NAME = DDTDemo;
			};
			name = Release;
		};
/* End XCBuildConfiguration section */

/* Begin XCConfigurationList section */
		C980979922EDF84900096EE0 /* Build configuration list for PBXProject "DDTDemo" */ = {
			isa = XCConfigurationList;
			buildConfigurations = (
				C98097C422EDF84B00096EE0 /* Debug */,
				C98097C522EDF84B00096EE0 /* Release */,
			);
			defaultConfigurationIsVisible = 0;
			defaultConfigurationName = Release;
		};
		C98097C622EDF84B00096EE0 /* Build configuration list for PBXNativeTarget "DDTDemo" */ = {
			isa = XCConfigurationList;
			buildConfigurations = (
				C98097C722EDF84B00096EE0 /* Debug */,
				C98097C822EDF84B00096EE0 /* Release */,
			);
			defaultConfigurationIsVisible = 0;
			defaultConfigurationName = Release;
		};
		C98097C922EDF84B00096EE0 /* Build configuration list for PBXNativeTarget "DDTDemoTests" */ = {
			isa = XCConfigurationList;
			buildConfigurations = (
				C98097CA22EDF84B00096EE0 /* Debug */,
				C98097CB22EDF84B00096EE0 /* Release */,
			);
			defaultConfigurationIsVisible = 0;
			defaultConfigurationName = Release;
		};
		C98097CC22EDF84B00096EE0 /* Build configuration list for PBXNativeTarget "DDTDemoUITests" */ = {
			isa = XCConfigurationList;
			buildConfigurations = (
				C98097CD22EDF84B00096EE0 /* Debug */,
				C98097CE22EDF84B00096EE0 /* Release */,
			);
			defaultConfigurationIsVisible = 0;
			defaultConfigurationName = Release;
		};
/* End XCConfigurationList section */
	};
	rootObject = C980979622EDF84900096EE0 /* Project object */;
}
