// !$*UTF8*$!
{
	archiveVersion = 1;
	classes = {
	};
	objectVersion = 50;
	objects = {

/* Begin PBXBuildFile section */
		C98097A222EDF84900096EE0 /* AppDelegate.swift in Sources */ = {isa = PBXBuildFile; fileRef = C98097A122EDF84900096EE0 /* AppDelegate.swift */; };
		C98097A922EDF84B00096EE0 /* Assets.xcassets in Resources */ = {isa = PBXBuildFile; fileRef = C98097A822EDF84B00096EE0 /* Assets.xcassets */; };
		C98097AC22EDF84B00096EE0 /* LaunchScreen.storyboard in Resources */ = {isa = PBXBuildFile; fileRef = C98097AA22EDF84B00096EE0 /* LaunchScreen.storyboard */; };
		C98097B722EDF84B00096EE0 /* DDTDemoTests.swift in Sources */ = {isa = PBXBuildFile; fileRef = C98097B622EDF84B00096EE0 /* DDTDemoTests.swift */; };
		C98097C222EDF84B00096EE0 /* DDTDemoUITests.swift in Sources */ = {isa = PBXBuildFile; fileRef = C98097C122EDF84B00096EE0 /* DDTDemoUITests.swift */; };
		C98097D122EDF8B400096EE0 /* PlantListViewController.swift in Sources */ = {isa = PBXBuildFile; fileRef = C98097D022EDF8B400096EE0 /* PlantListViewController.swift */; };
/* End PBXBuildFile section */

/* Begin PBXContainerItemProxy section */
		C98097B322EDF84B00096EE0 /* PBXContainerItemProxy */ = {
			isa = PBXContainerItemProxy;
			containerPortal = C980979622EDF84900096EE0 /* Project object */;
			proxyType = 1;
			remoteGlobalIDString = C980979D22EDF84900096EE0;
			remoteInfo = DDTDemo;
		};
		C98097BE22EDF84B00096EE0 /* PBXContainerItemProxy */ = {
			isa = PBXContainerItemProxy;
			containerPortal = C980979622EDF84900096EE0 /* Project object */;
			proxyType = 1;
			remoteGlobalIDString = C980979D22EDF84900096EE0;
			remoteInfo = DDTDemo;
		};
/* End PBXContainerItemProxy section */

/* Begin PBXFileReference section */
		C980979E22EDF84900096EE0 /* DDTDemo.app */ = {isa = PBXFileReference; explicitFileType = wrapper.application; includeInIndex = 0; path = DDTDemo.app; sourceTree = BUILT_PRODUCTS_DIR; };
		C98097A122EDF84900096EE0 /* AppDelegate.swift */ = {isa = PBXFileReference; lastKnownFileType = sourcecode.swift; path = AppDelegate.swift; sourceTree = "<group>"; };
		C98097A822EDF84B00096EE0 /* Assets.xcassets */ = {isa = PBXFileReference; lastKnownFileType = folder.assetcatalog; path = Assets.xcassets; sourceTree = "<group>"; };
		C98097AB22EDF84B00096EE0 /* Base */ = {isa = PBXFileReference; lastKnownFileType = file.storyboard; name = Base; path = Base.lproj/LaunchScreen.storyboard; sourceTree = "<group>"; };
		C98097AD22EDF84B00096EE0 /* Info.plist */ = {isa = PBXFileReference; lastKnownFileType = text.plist.xml; path = Info.plist; sourceTree = "<group>"; };
		C98097B222EDF84B00096EE0 /* DDTDemoTests.xctest */ = {isa = PBXFileReference; explicitFileType = wrapper.cfbundle; includeInIndex = 0; path = DDTDemoTests.xctest; sourceTree = BUILT_PRODUCTS_DIR; };
		C98097B622EDF84B00096EE0 /* DDTDemoTests.swift */ = {isa = PBXFileReference; lastKnownFileType = sourcecode.swift; path = DDTDemoTests.swift; sourceTree = "<group>"; };
		C98097B822EDF84B00096EE0 /* Info.plist */ = {isa = PBXFileReference; lastKnownFileType = text.plist.xml; path = Info.plist; sourceTree = "<group>"; };
		C98097BD22EDF84B00096EE0 /* DDTDemoUITests.xctest */ = {isa = PBXFileReference; explicitFileType = wrapper.cfbundle; includeInIndex = 0; path = DDTDemoUITests.xctest; sourceTree = BUILT_PRODUCTS_DIR; };
		C98097C122EDF84B00096EE0 /* DDTDemoUITests.swift */ = {isa = PBXFileReference; lastKnownFileType = sourcecode.swift; path = DDTDemoUITests.swift; sourceTree = "<group>"; };
		C98097C322EDF84B00096EE0 /* Info.plist */ = {isa = PBXFileReference; lastKnownFileType = text.plist.xml; path = Info.plist; sourceTree = "<group>"; };
		C98097D022EDF8B400096EE0 /* PlantListViewController.swift */ = {isa = PBXFileReference; lastKnownFileType = sourcecode.swift; path = PlantListViewController.swift; sourceTree = "<group>"; };
/* End PBXFileReference section */

/* Begin PBXFrameworksBuildPhase section */
		C980979B22EDF84900096EE0 /* Frameworks */ = {
			isa = PBXFrameworksBuildPhase;
			buildActionMask = 2147483647;
			files = (
			);
			runOnlyForDeploymentPostprocessing = 0;
		};
		C98097AF22EDF84B00096EE0 /* Frameworks */ = {
			isa = PBXFrameworksBuildPhase;
			buildActionMask = 2147483647;
			files = (
			);
			runOnlyForDeploymentPostprocessing = 0;
		};
		C98097BA22EDF84B00096EE0 /* Frameworks */ = {
			isa = PBXFrameworksBuildPhase;
			buildActionMask = 2147483647;
			files = (
			);
			runOnlyForDeploymentPostprocessing = 0;
		};
/* End PBXFrameworksBuildPhase section */

/* Begin PBXGroup section */
		C980979522EDF84900096EE0 = {
			isa = PBXGroup;
			children = (
				C98097A022EDF84900096EE0 /* DDTDemo */,
				C98097B522EDF84B00096EE0 /* DDTDemoTests */,
				C98097C022EDF84B00096EE0 /* DDTDemoUITests */,
				C980979F22EDF84900096EE0 /* Products */,
			);
			sourceTree = "<group>";
		};
		C980979F22EDF84900096EE0 /* Products */ = {
			isa = PBXGroup;
			children = (
				C980979E22EDF84900096EE0 /* DDTDemo.app */,
				C98097B222EDF84B00096EE0 /* DDTDemoTests.xctest */,
				C98097BD22EDF84B00096EE0 /* DDTDemoUITests.xctest */,
			);
			name = Products;
			sourceTree = "<group>";
		};
		C98097A022EDF84900096EE0 /* DDTDemo */ = {
			isa = PBXGroup;
			children = (
				C98097A122EDF84900096EE0 /* AppDelegate.swift */,
				C98097D022EDF8B400096EE0 /* PlantListViewController.swift */,
				C98097CF22EDF87900096EE0 /* Supporting Files */,
			);
			path = DDTDemo;
			sourceTree = "<group>";
		};
		C98097B522EDF84B00096EE0 /* DDTDemoTests */ = {
			isa = PBXGroup;
			children = (
				C98097B622EDF84B00096EE0 /* DDTDemoTests.swift */,
				C98097B822EDF84B00096EE0 /* Info.plist */,
			);
			path = DDTDemoTests;
			sourceTree = "<group>";
		};
		C98097C022EDF84B00096EE0 /* DDTDemoUITests */ = {
			isa = PBXGroup;
			children = (
				C98097C122EDF84B00096EE0 /* DDTDemoUITests.swift */,
				C98097C322EDF84B00096EE0 /* Info.plist */,
			);
			path = DDTDemoUITests;
			sourceTree = "<group>";
		};
		C98097CF22EDF87900096EE0 /* Supporting Files */ = {
			isa = PBXGroup;
			children = (
				C98097A822EDF84B00096EE0 /* Assets.xcassets */,
				C98097AA22EDF84B00096EE0 /* LaunchScreen.storyboard */,
				C98097AD22EDF84B00096EE0 /* Info.plist */,
			);
			path = "Supporting Files";
			sourceTree = "<group>";
		};
/* End PBXGroup section */

/* Begin PBXNativeTarget section */
		C980979D22EDF84900096EE0 /* DDTDemo */ = {
			isa = PBXNativeTarget;
			buildConfigurationList = C98097C622EDF84B00096EE0 /* Build configuration list for PBXNativeTarget "DDTDemo" */;
			buildPhases = (
				C980979A22EDF84900096EE0 /* Sources */,
				C980979B22EDF84900096EE0 /* Frameworks */,
				C980979C22EDF84900096EE0 /* Resources */,
			);
			buildRules = (
			);
			dependencies = (
			);
			name = DDTDemo;
			productName = DDTDemo;
			productReference = C980979E22EDF84900096EE0 /* DDTDemo.app */;
			productType = "com.apple.product-type.application";
		};
		C98097B122EDF84B00096EE0 /* DDTDemoTests */ = {
			isa = PBXNativeTarget;
			buildConfigurationList = C98097C922EDF84B00096EE0 /* Build configuration list for PBXNativeTarget "DDTDemoTests" */;
			buildPhases = (
				C98097AE22EDF84B00096EE0 /* Sources */,
				C98097AF22EDF84B00096EE0 /* Frameworks */,
				C98097B022EDF84B00096EE0 /* Resources */,
			);
			buildRules = (
			);
			dependencies = (
				C98097B422EDF84B00096EE0 /* PBXTargetDependency */,
			);
			name = DDTDemoTests;
			productName = DDTDemoTests;
			productReference = C98097B222EDF84B00096EE0 /* DDTDemoTests.xctest */;
			productType = "com.apple.product-type.bundle.unit-test";
		};
		C98097BC22EDF84B00096EE0 /* DDTDemoUITests */ = {
			isa = PBXNativeTarget;
			buildConfigurationList = C98097CC22EDF84B00096EE0 /* Build configuration list for PBXNativeTarget "DDTDemoUITests" */;
			buildPhases = (
				C98097B922EDF84B00096EE0 /* Sources */,
				C98097BA22EDF84B00096EE0 /* Frameworks */,
				C98097BB22EDF84B00096EE0 /* Resources */,
			);
			buildRules = (
			);
			dependencies = (
				C98097BF22EDF84B00096EE0 /* PBXTargetDependency */,
			);
			name = DDTDemoUITests;
			productName = DDTDemoUITests;
			productReference = C98097BD22EDF84B00096EE0 /* DDTDemoUITests.xctest */;
			productType = "com.apple.product-type.bundle.ui-testing";
		};
/* End PBXNativeTarget section */

/* Begin PBXProject section */
		C980979622EDF84900096EE0 /* Project object */ = {
			isa = PBXProject;
			attributes = {
				LastSwiftUpdateCheck = 1020;
				LastUpgradeCheck = 1020;
				ORGANIZATIONNAME = "Allen Lai";
				TargetAttributes = {
					C980979D22EDF84900096EE0 = {
						CreatedOnToolsVersion = 10.2.1;
					};
					C98097B122EDF84B00096EE0 = {
						CreatedOnToolsVersion = 10.2.1;
						TestTargetID = C980979D22EDF84900096EE0;
					};
					C98097BC22EDF84B00096EE0 = {
						CreatedOnToolsVersion = 10.2.1;
						TestTargetID = C980979D22EDF84900096EE0;
					};
				};
			};
			buildConfigurationList = C980979922EDF84900096EE0 /* Build configuration list for PBXProject "DDTDemo" */;
			compatibilityVersion = "Xcode 9.3";
			developmentRegion = en;
			hasScannedForEncodings = 0;
			knownRegions = (
				en,
				Base,
			);
			mainGroup = C980979522EDF84900096EE0;
			productRefGroup = C980979F22EDF84900096EE0 /* Products */;
			projectDirPath = "";
			projectRoot = "";
			targets = (
				C980979D22EDF84900096EE0 /* DDTDemo */,
				C98097B122EDF84B00096EE0 /* DDTDemoTests */,
				C98097BC22EDF84B00096EE0 /* DDTDemoUITests */,
			);
		};
/* End PBXProject section */

/* Begin PBXResourcesBuildPhase section */
		C980979C22EDF84900096EE0 /* Resources */ = {
			isa = PBXResourcesBuildPhase;
			buildActionMask = 2147483647;
			files = (
				C98097AC22EDF84B00096EE0 /* LaunchScreen.storyboard in Resources */,
				C98097A922EDF84B00096EE0 /* Assets.xcassets in Resources */,
			);
			runOnlyForDeploymentPostprocessing = 0;
		};
		C98097B022EDF84B00096EE0 /* Resources */ = {
			isa = PBXResourcesBuildPhase;
			buildActionMask = 2147483647;
			files = (
			);
			runOnlyForDeploymentPostprocessing = 0;
		};
		C98097BB22EDF84B00096EE0 /* Resources */ = {
			isa = PBXResourcesBuildPhase;
			buildActionMask = 2147483647;
			files = (
			);
			runOnlyForDeploymentPostprocessing = 0;
		};
/* End PBXResourcesBuildPhase section */

/* Begin PBXSourcesBuildPhase section */
		C980979A22EDF84900096EE0 /* Sources */ = {
			isa = PBXSourcesBuildPhase;
			buildActionMask = 2147483647;
			files = (
				C98097D122EDF8B400096EE0 /* PlantListViewController.swift in Sources */,
				C98097A222EDF84900096EE0 /* AppDelegate.swift in Sources */,
			);
			runOnlyForDeploymentPostprocessing = 0;
		};
		C98097AE22EDF84B00096EE0 /* Sources */ = {
			isa = PBXSourcesBuildPhase;
			buildActionMask = 2147483647;
			files = (
				C98097B722EDF84B00096EE0 /* DDTDemoTests.swift in Sources */,
			);
			runOnlyForDeploymentPostprocessing = 0;
		};
		C98097B922EDF84B00096EE0 /* Sources */ = {
			isa = PBXSourcesBuildPhase;
			buildActionMask = 2147483647;
			files = (
				C98097C222EDF84B00096EE0 /* DDTDemoUITests.swift in Sources */,
			);
			runOnlyForDeploymentPostprocessing = 0;
		};
/* End PBXSourcesBuildPhase section */

/* Begin PBXTargetDependency section */
		C98097B422EDF84B00096EE0 /* PBXTargetDependency */ = {
			isa = PBXTargetDependency;
			target = C980979D22EDF84900096EE0 /* DDTDemo */;
			targetProxy = C98097B322EDF84B00096EE0 /* PBXContainerItemProxy */;
		};
		C98097BF22EDF84B00096EE0 /* PBXTargetDependency */ = {
			isa = PBXTargetDependency;
			target = C980979D22EDF84900096EE0 /* DDTDemo */;
			targetProxy = C98097BE22EDF84B00096EE0 /* PBXContainerItemProxy */;
		};
/* End PBXTargetDependency section */

/* Begin PBXVariantGroup section */
		C98097AA22EDF84B00096EE0 /* LaunchScreen.storyboard */ = {
			isa = PBXVariantGroup;
			children = (
				C98097AB22EDF84B00096EE0 /* Base */,
			);
			name = LaunchScreen.storyboard;
			sourceTree = "<group>";
		};
/* End PBXVariantGroup section */

/* Begin XCBuildConfiguration section */
		C98097C422EDF84B00096EE0 /* Debug */ = {
			isa = XCBuildConfiguration;
			buildSettings = {
				ALWAYS_SEARCH_USER_PATHS = NO;
				CLANG_ANALYZER_NONNULL = YES;
				CLANG_ANALYZER_NUMBER_OBJECT_CONVERSION = YES_AGGRESSIVE;
				CLANG_CXX_LANGUAGE_STANDARD = "gnu++14";
				CLANG_CXX_LIBRARY = "libc++";
				CLANG_ENABLE_MODULES = YES;
				CLANG_ENABLE_OBJC_ARC = YES;
				CLANG_ENABLE_OBJC_WEAK = YES;
				CLANG_WARN_BLOCK_CAPTURE_AUTORELEASING = YES;
				CLANG_WARN_BOOL_CONVERSION = YES;
				CLANG_WARN_COMMA = YES;
				CLANG_WARN_CONSTANT_CONVERSION = YES;
				CLANG_WARN_DEPRECATED_OBJC_IMPLEMENTATIONS = YES;
				CLANG_WARN_DIRECT_OBJC_ISA_USAGE = YES_ERROR;
				CLANG_WARN_DOCUMENTATION_COMMENTS = YES;
				CLANG_WARN_EMPTY_BODY = YES;
				CLANG_WARN_ENUM_CONVERSION = YES;
				CLANG_WARN_INFINITE_RECURSION = YES;
				CLANG_WARN_INT_CONVERSION = YES;
				CLANG_WARN_NON_LITERAL_NULL_CONVERSION = YES;
				CLANG_WARN_OBJC_IMPLICIT_RETAIN_SELF = YES;
				CLANG_WARN_OBJC_LITERAL_CONVERSION = YES;
				CLANG_WARN_OBJC_ROOT_CLASS = YES_ERROR;
				CLANG_WARN_RANGE_LOOP_ANALYSIS = YES;
				CLANG_WARN_STRICT_PROTOTYPES = YES;
				CLANG_WARN_SUSPICIOUS_MOVE = YES;
				CLANG_WARN_UNGUARDED_AVAILABILITY = YES_AGGRESSIVE;
				CLANG_WARN_UNREACHABLE_CODE = YES;
				CLANG_WARN__DUPLICATE_METHOD_MATCH = YES;
				CODE_SIGN_IDENTITY = "iPhone Developer";
				COPY_PHASE_STRIP = NO;
				DEBUG_INFORMATION_FORMAT = dwarf;
				ENABLE_STRICT_OBJC_MSGSEND = YES;
				ENABLE_TESTABILITY = YES;
				GCC_C_LANGUAGE_STANDARD = gnu11;
				GCC_DYNAMIC_NO_PIC = NO;
				GCC_NO_COMMON_BLOCKS = YES;
				GCC_OPTIMIZATION_LEVEL = 0;
				GCC_PREPROCESSOR_DEFINITIONS = (
					"DEBUG=1",
					"$(inherited)",
				);
				GCC_WARN_64_TO_32_BIT_CONVERSION = YES;
				GCC_WARN_ABOUT_RETURN_TYPE = YES_ERROR;
				GCC_WARN_UNDECLARED_SELECTOR = YES;
				GCC_WARN_UNINITIALIZED_AUTOS = YES_AGGRESSIVE;
				GCC_WARN_UNUSED_FUNCTION = YES;
				GCC_WARN_UNUSED_VARIABLE = YES;
				IPHONEOS_DEPLOYMENT_TARGET = 12.2;
				MTL_ENABLE_DEBUG_INFO = INCLUDE_SOURCE;
				MTL_FAST_MATH = YES;
				ONLY_ACTIVE_ARCH = YES;
				SDKROOT = iphoneos;
				SWIFT_ACTIVE_COMPILATION_CONDITIONS = DEBUG;
				SWIFT_OPTIMIZATION_LEVEL = "-Onone";
			};
			name = Debug;
		};
		C98097C522EDF84B00096EE0 /* Release */ = {
			isa = XCBuildConfiguration;
			buildSettings = {
				ALWAYS_SEARCH_USER_PATHS = NO;
				CLANG_ANALYZER_NONNULL = YES;
				CLANG_ANALYZER_NUMBER_OBJECT_CONVERSION = YES_AGGRESSIVE;
				CLANG_CXX_LANGUAGE_STANDARD = "gnu++14";
				CLANG_CXX_LIBRARY = "libc++";
				CLANG_ENABLE_MODULES = YES;
				CLANG_ENABLE_OBJC_ARC = YES;
				CLANG_ENABLE_OBJC_WEAK = YES;
				CLANG_WARN_BLOCK_CAPTURE_AUTORELEASING = YES;
				CLANG_WARN_BOOL_CONVERSION = YES;
				CLANG_WARN_COMMA = YES;
				CLANG_WARN_CONSTANT_CONVERSION = YES;
				CLANG_WARN_DEPRECATED_OBJC_IMPLEMENTATIONS = YES;
				CLANG_WARN_DIRECT_OBJC_ISA_USAGE = YES_ERROR;
				CLANG_WARN_DOCUMENTATION_COMMENTS = YES;
				CLANG_WARN_EMPTY_BODY = YES;
				CLANG_WARN_ENUM_CONVERSION = YES;
				CLANG_WARN_INFINITE_RECURSION = YES;
				CLANG_WARN_INT_CONVERSION = YES;
				CLANG_WARN_NON_LITERAL_NULL_CONVERSION = YES;
				CLANG_WARN_OBJC_IMPLICIT_RETAIN_SELF = YES;
				CLANG_WARN_OBJC_LITERAL_CONVERSION = YES;
				CLANG_WARN_OBJC_ROOT_CLASS = YES_ERROR;
				CLANG_WARN_RANGE_LOOP_ANALYSIS = YES;
				CLANG_WARN_STRICT_PROTOTYPES = YES;
				CLANG_WARN_SUSPICIOUS_MOVE = YES;
				CLANG_WARN_UNGUARDED_AVAILABILITY = YES_AGGRESSIVE;
				CLANG_WARN_UNREACHABLE_CODE = YES;
				CLANG_WARN__DUPLICATE_METHOD_MATCH = YES;
				CODE_SIGN_IDENTITY = "iPhone Developer";
				COPY_PHASE_STRIP = NO;
				DEBUG_INFORMATION_FORMAT = "dwarf-with-dsym";
				ENABLE_NS_ASSERTIONS = NO;
				ENABLE_STRICT_OBJC_MSGSEND = YES;
				GCC_C_LANGUAGE_STANDARD = gnu11;
				GCC_NO_COMMON_BLOCKS = YES;
				GCC_WARN_64_TO_32_BIT_CONVERSION = YES;
				GCC_WARN_ABOUT_RETURN_TYPE = YES_ERROR;
				GCC_WARN_UNDECLARED_SELECTOR = YES;
				GCC_WARN_UNINITIALIZED_AUTOS = YES_AGGRESSIVE;
				GCC_WARN_UNUSED_FUNCTION = YES;
				GCC_WARN_UNUSED_VARIABLE = YES;
				IPHONEOS_DEPLOYMENT_TARGET = 12.2;
				MTL_ENABLE_DEBUG_INFO = NO;
				MTL_FAST_MATH = YES;
				SDKROOT = iphoneos;
				SWIFT_COMPILATION_MODE = wholemodule;
				SWIFT_OPTIMIZATION_LEVEL = "-O";
				VALIDATE_PRODUCT = YES;
			};
			name = Release;
		};
		C98097C722EDF84B00096EE0 /* Debug */ = {
			isa = XCBuildConfiguration;
			buildSettings = {
				ASSETCATALOG_COMPILER_APPICON_NAME = AppIcon;
				CODE_SIGN_STYLE = Automatic;
				DEVELOPMENT_TEAM = 7A88Z5734V;
				INFOPLIST_FILE = "DDTDemo/Supporting Files/Info.plist";
				IPHONEOS_DEPLOYMENT_TARGET = 10.0;
				LD_RUNPATH_SEARCH_PATHS = (
					"$(inherited)",
					"@executable_path/Frameworks",
				);
				PRODUCT_BUNDLE_IDENTIFIER = com.allenlai.DDTDemo;
				PRODUCT_NAME = "$(TARGET_NAME)";
				SWIFT_VERSION = 5.0;
				TARGETED_DEVICE_FAMILY = 1;
			};
			name = Debug;
		};
		C98097C822EDF84B00096EE0 /* Release */ = {
			isa = XCBuildConfiguration;
			buildSettings = {
				ASSETCATALOG_COMPILER_APPICON_NAME = AppIcon;
				CODE_SIGN_STYLE = Automatic;
				DEVELOPMENT_TEAM = 7A88Z5734V;
				INFOPLIST_FILE = "DDTDemo/Supporting Files/Info.plist";
				IPHONEOS_DEPLOYMENT_TARGET = 10.0;
				LD_RUNPATH_SEARCH_PATHS = (
					"$(inherited)",
					"@executable_path/Frameworks",
				);
				PRODUCT_BUNDLE_IDENTIFIER = com.allenlai.DDTDemo;
				PRODUCT_NAME = "$(TARGET_NAME)";
				SWIFT_VERSION = 5.0;
				TARGETED_DEVICE_FAMILY = 1;
			};
			name = Release;
		};
		C98097CA22EDF84B00096EE0 /* Debug */ = {
			isa = XCBuildConfiguration;
			buildSettings = {
				ALWAYS_EMBED_SWIFT_STANDARD_LIBRARIES = YES;
				BUNDLE_LOADER = "$(TEST_HOST)";
				CODE_SIGN_STYLE = Automatic;
				DEVELOPMENT_TEAM = 7A88Z5734V;
				INFOPLIST_FILE = DDTDemoTests/Info.plist;
				LD_RUNPATH_SEARCH_PATHS = (
					"$(inherited)",
					"@executable_path/Frameworks",
					"@loader_path/Frameworks",
				);
				PRODUCT_BUNDLE_IDENTIFIER = com.allenlai.DDTDemoTests;
				PRODUCT_NAME = "$(TARGET_NAME)";
				SWIFT_VERSION = 5.0;
				TARGETED_DEVICE_FAMILY = "1,2";
				TEST_HOST = "$(BUILT_PRODUCTS_DIR)/DDTDemo.app/DDTDemo";
			};
			name = Debug;
		};
		C98097CB22EDF84B00096EE0 /* Release */ = {
			isa = XCBuildConfiguration;
			buildSettings = {
				ALWAYS_EMBED_SWIFT_STANDARD_LIBRARIES = YES;
				BUNDLE_LOADER = "$(TEST_HOST)";
				CODE_SIGN_STYLE = Automatic;
				DEVELOPMENT_TEAM = 7A88Z5734V;
				INFOPLIST_FILE = DDTDemoTests/Info.plist;
				LD_RUNPATH_SEARCH_PATHS = (
					"$(inherited)",
					"@executable_path/Frameworks",
					"@loader_path/Frameworks",
				);
				PRODUCT_BUNDLE_IDENTIFIER = com.allenlai.DDTDemoTests;
				PRODUCT_NAME = "$(TARGET_NAME)";
				SWIFT_VERSION = 5.0;
				TARGETED_DEVICE_FAMILY = "1,2";
				TEST_HOST = "$(BUILT_PRODUCTS_DIR)/DDTDemo.app/DDTDemo";
			};
			name = Release;
		};
		C98097CD22EDF84B00096EE0 /* Debug */ = {
			isa = XCBuildConfiguration;
			buildSettings = {
				ALWAYS_EMBED_SWIFT_STANDARD_LIBRARIES = YES;
				CODE_SIGN_STYLE = Automatic;
				DEVELOPMENT_TEAM = 7A88Z5734V;
				INFOPLIST_FILE = DDTDemoUITests/Info.plist;
				LD_RUNPATH_SEARCH_PATHS = (
					"$(inherited)",
					"@executable_path/Frameworks",
					"@loader_path/Frameworks",
				);
				PRODUCT_BUNDLE_IDENTIFIER = com.allenlai.DDTDemoUITests;
				PRODUCT_NAME = "$(TARGET_NAME)";
				SWIFT_VERSION = 5.0;
				TARGETED_DEVICE_FAMILY = "1,2";
				TEST_TARGET_NAME = DDTDemo;
			};
			name = Debug;
		};
		C98097CE22EDF84B00096EE0 /* Release */ = {
			isa = XCBuildConfiguration;
			buildSettings = {
				ALWAYS_EMBED_SWIFT_STANDARD_LIBRARIES = YES;
				CODE_SIGN_STYLE = Automatic;
				DEVELOPMENT_TEAM = 7A88Z5734V;
				INFOPLIST_FILE = DDTDemoUITests/Info.plist;
				LD_RUNPATH_SEARCH_PATHS = (
					"$(inherited)",
					"@executable_path/Frameworks",
					"@loader_path/Frameworks",
				);
				PRODUCT_BUNDLE_IDENTIFIER = com.allenlai.DDTDemoUITests;
				PRODUCT_NAME = "$(TARGET_NAME)";
				SWIFT_VERSION = 5.0;
				TARGETED_DEVICE_FAMILY = "1,2";
				TEST_TARGET_NAME = DDTDemo;
			};
			name = Release;
		};
/* End XCBuildConfiguration section */

/* Begin XCConfigurationList section */
		C980979922EDF84900096EE0 /* Build configuration list for PBXProject "DDTDemo" */ = {
			isa = XCConfigurationList;
			buildConfigurations = (
				C98097C422EDF84B00096EE0 /* Debug */,
				C98097C522EDF84B00096EE0 /* Release */,
			);
			defaultConfigurationIsVisible = 0;
			defaultConfigurationName = Release;
		};
		C98097C622EDF84B00096EE0 /* Build configuration list for PBXNativeTarget "DDTDemo" */ = {
			isa = XCConfigurationList;
			buildConfigurations = (
				C98097C722EDF84B00096EE0 /* Debug */,
				C98097C822EDF84B00096EE0 /* Release */,
			);
			defaultConfigurationIsVisible = 0;
			defaultConfigurationName = Release;
		};
		C98097C922EDF84B00096EE0 /* Build configuration list for PBXNativeTarget "DDTDemoTests" */ = {
			isa = XCConfigurationList;
			buildConfigurations = (
				C98097CA22EDF84B00096EE0 /* Debug */,
				C98097CB22EDF84B00096EE0 /* Release */,
			);
			defaultConfigurationIsVisible = 0;
			defaultConfigurationName = Release;
		};
		C98097CC22EDF84B00096EE0 /* Build configuration list for PBXNativeTarget "DDTDemoUITests" */ = {
			isa = XCConfigurationList;
			buildConfigurations = (
				C98097CD22EDF84B00096EE0 /* Debug */,
				C98097CE22EDF84B00096EE0 /* Release */,
			);
			defaultConfigurationIsVisible = 0;
			defaultConfigurationName = Release;
		};
/* End XCConfigurationList section */
	};
	rootObject = C980979622EDF84900096EE0 /* Project object */;
}
